
Microsoft Visual Studio Solution File, Format Version 12.00
# Visual Studio Version 17
VisualStudioVersion = 17.6.33829.357
MinimumVisualStudioVersion = 10.0.40219.1
Project("{FAE04EC0-301F-11D3-BF4B-00C04F79EFBC}") = "TiaAutomation", "TiaAutomation\TiaAutomation.csproj", "{BAE1F9FF-C46C-4DBA-BFA0-96486E8215BA}"
EndProject
Project("{FAE04EC0-301F-11D3-BF4B-00C04F79EFBC}") = "TiaAutomationLibrary", "TiaAutomationLibrary\TiaAutomationLibrary.csproj", "{FF42FD89-4149-4E01-8A33-24F5AF72BC04}"
EndProject
Global
	GlobalSection(SolutionConfigurationPlatforms) = preSolution
		Debug|Any CPU = Debug|Any CPU
		Release|Any CPU = Release|Any CPU
	EndGlobalSection
	GlobalSection(ProjectConfigurationPlatforms) = postSolution
		{BAE1F9FF-C46C-4DBA-BFA0-96486E8215BA}.Debug|Any CPU.ActiveCfg = Debug|Any CPU
		{BAE1F9FF-C46C-4DBA-BFA0-96486E8215BA}.Debug|Any CPU.Build.0 = Debug|Any CPU
		{BAE1F9FF-C46C-4DBA-BFA0-96486E8215BA}.Release|Any CPU.ActiveCfg = Release|Any CPU
		{BAE1F9FF-C46C-4DBA-BFA0-96486E8215BA}.Release|Any CPU.Build.0 = Release|Any CPU
		{FF42FD89-4149-4E01-8A33-24F5AF72BC04}.Debug|Any CPU.ActiveCfg = Debug|Any CPU
		{FF42FD89-4149-4E01-8A33-24F5AF72BC04}.Debug|Any CPU.Build.0 = Debug|Any CPU
		{FF42FD89-4149-4E01-8A33-24F5AF72BC04}.Release|Any CPU.ActiveCfg = Release|Any CPU
		{FF42FD89-4149-4E01-8A33-24F5AF72BC04}.Release|Any CPU.Build.0 = Release|Any CPU
	EndGlobalSection
	GlobalSection(SolutionProperties) = preSolution
		HideSolutionNode = FALSE
	EndGlobalSection
	GlobalSection(ExtensibilityGlobals) = postSolution
		SolutionGuid = {A0655933-92B5-473F-B257-D353D667F6D3}
	EndGlobalSection
EndGlobal
